
Microsoft Visual Studio Solution File, Format Version 12.00
# Visual Studio Version 17
VisualStudioVersion = 17.9.34622.214
MinimumVisualStudioVersion = 10.0.40219.1
Project("{888888A0-9F3D-457C-B088-3A5042F75D52}") = "Shanghai", "Shanghai.pyproj", "{E0C15626-4314-4555-B75E-E20EDF874F2F}"
EndProject
Global
	GlobalSection(SolutionConfigurationPlatforms) = preSolution
		Debug|Any CPU = Debug|Any CPU
		Release|Any CPU = Release|Any CPU
	EndGlobalSection
	GlobalSection(ProjectConfigurationPlatforms) = postSolution
		{E0C15626-4314-4555-B75E-E20EDF874F2F}.Debug|Any CPU.ActiveCfg = Debug|Any CPU
		{E0C15626-4314-4555-B75E-E20EDF874F2F}.Debug|Any CPU.Build.0 = Debug|Any CPU
		{E0C15626-4314-4555-B75E-E20EDF874F2F}.Release|Any CPU.ActiveCfg = Release|Any CPU
		{E0C15626-4314-4555-B75E-E20EDF874F2F}.Release|Any CPU.Build.0 = Release|Any CPU
	EndGlobalSection
	GlobalSection(SolutionProperties) = preSolution
		HideSolutionNode = FALSE
	EndGlobalSection
	GlobalSection(ExtensibilityGlobals) = postSolution
		SolutionGuid = {7F77ED2C-9F2F-4BA2-AC48-F67A585AA65D}
	EndGlobalSection
EndGlobal
